
Microsoft Visual Studio Solution File, Format Version 12.00
# Visual Studio Version 17
VisualStudioVersion = 17.3.32825.248
MinimumVisualStudioVersion = 10.0.40219.1
Project("{FAE04EC0-301F-11D3-BF4B-00C04F79EFBC}") = "BoozeDotNet", "BoozeDotNet\BoozeDotNet.csproj", "{8D1CDB3D-1418-4174-90A1-D49C2F270EB1}"
EndProject
Global
	GlobalSection(SolutionConfigurationPlatforms) = preSolution
		Debug|Any CPU = Debug|Any CPU
		Release|Any CPU = Release|Any CPU
	EndGlobalSection
	GlobalSection(ProjectConfigurationPlatforms) = postSolution
		{8D1CDB3D-1418-4174-90A1-D49C2F270EB1}.Debug|Any CPU.ActiveCfg = Debug|Any CPU
		{8D1CDB3D-1418-4174-90A1-D49C2F270EB1}.Debug|Any CPU.Build.0 = Debug|Any CPU
		{8D1CDB3D-1418-4174-90A1-D49C2F270EB1}.Release|Any CPU.ActiveCfg = Release|Any CPU
		{8D1CDB3D-1418-4174-90A1-D49C2F270EB1}.Release|Any CPU.Build.0 = Release|Any CPU
	EndGlobalSection
	GlobalSection(SolutionProperties) = preSolution
		HideSolutionNode = FALSE
	EndGlobalSection
	GlobalSection(ExtensibilityGlobals) = postSolution
		SolutionGuid = {4382B308-D870-4A4B-8B1F-F71EBF6325DB}
	EndGlobalSection
EndGlobal
